{
    "_meta": {
        "hash": {
            "sha256": "914bd44bdbddc91eedf86d948d95da4e36ce874ec4c868dce55eff1292a24680"
        },
        "pipfile-spec": 6,
        "requires": {
            "python_version": "3.10"
        },
        "sources": [
            {
                "name": "pypi",
                "url": "https://pypi.org/simple",
                "verify_ssl": true
            }
        ]
    },
    "default": {
        "findspark": {
            "hashes": [
                "sha256:aa10a96cb616cab329181d72e8ef13d2dc453b4babd02b5482471a0882c1195e",
                "sha256:e5d5415ff8ced6b173b801e12fc90c1eefca1fb6bf9c19c4fc1f235d4222e753"
            ],
            "index": "pypi",
            "version": "==2.0.1"
        }
    },
    "develop": {}
}
